
Microsoft Visual Studio Solution File, Format Version 12.00
# Visual Studio Version 17
VisualStudioVersion = 17.7.34221.43
MinimumVisualStudioVersion = 10.0.40219.1
Project("{FAE04EC0-301F-11D3-BF4B-00C04F79EFBC}") = "webapi", "webapi\webapi.csproj", "{554DE4F2-BFF1-4716-84B9-59BE9E14A324}"
EndProject
Global
	GlobalSection(SolutionConfigurationPlatforms) = preSolution
		Debug|Any CPU = Debug|Any CPU
		Release|Any CPU = Release|Any CPU
	EndGlobalSection
	GlobalSection(ProjectConfigurationPlatforms) = postSolution
		{554DE4F2-BFF1-4716-84B9-59BE9E14A324}.Debug|Any CPU.ActiveCfg = Debug|Any CPU
		{554DE4F2-BFF1-4716-84B9-59BE9E14A324}.Debug|Any CPU.Build.0 = Debug|Any CPU
		{554DE4F2-BFF1-4716-84B9-59BE9E14A324}.Release|Any CPU.ActiveCfg = Release|Any CPU
		{554DE4F2-BFF1-4716-84B9-59BE9E14A324}.Release|Any CPU.Build.0 = Release|Any CPU
	EndGlobalSection
	GlobalSection(SolutionProperties) = preSolution
		HideSolutionNode = FALSE
	EndGlobalSection
	GlobalSection(ExtensibilityGlobals) = postSolution
		SolutionGuid = {DBA4009C-93FC-4B1C-99C2-DBFC4499DDF8}
	EndGlobalSection
EndGlobal
